
Microsoft Visual Studio Solution File, Format Version 12.00
# Visual Studio Version 16
VisualStudioVersion = 16.0.31205.134
MinimumVisualStudioVersion = 10.0.40219.1
Project("{FAE04EC0-301F-11D3-BF4B-00C04F79EFBC}") = "Presentacion_IU", "Presentacion_IU\Presentacion_IU.csproj", "{A14EFFA2-85F9-4C4D-875D-D12F2F2EC6CE}"
EndProject
Project("{FAE04EC0-301F-11D3-BF4B-00C04F79EFBC}") = "Reglas_de_Negocio_BLL", "Reglas_de_Negocio_BLL\Reglas_de_Negocio_BLL.csproj", "{C1711215-EF6E-47AE-8182-EE6FBF744976}"
EndProject
Project("{FAE04EC0-301F-11D3-BF4B-00C04F79EFBC}") = "Entidades_de_Negocio_BE", "Entidades_de_Negocio_BE\Entidades_de_Negocio_BE.csproj", "{152560FE-E0D7-4AA2-9BC6-53397AEDCE65}"
EndProject
Global
	GlobalSection(SolutionConfigurationPlatforms) = preSolution
		Debug|Any CPU = Debug|Any CPU
		Release|Any CPU = Release|Any CPU
	EndGlobalSection
	GlobalSection(ProjectConfigurationPlatforms) = postSolution
		{A14EFFA2-85F9-4C4D-875D-D12F2F2EC6CE}.Debug|Any CPU.ActiveCfg = Debug|Any CPU
		{A14EFFA2-85F9-4C4D-875D-D12F2F2EC6CE}.Debug|Any CPU.Build.0 = Debug|Any CPU
		{A14EFFA2-85F9-4C4D-875D-D12F2F2EC6CE}.Release|Any CPU.ActiveCfg = Release|Any CPU
		{A14EFFA2-85F9-4C4D-875D-D12F2F2EC6CE}.Release|Any CPU.Build.0 = Release|Any CPU
		{C1711215-EF6E-47AE-8182-EE6FBF744976}.Debug|Any CPU.ActiveCfg = Debug|Any CPU
		{C1711215-EF6E-47AE-8182-EE6FBF744976}.Debug|Any CPU.Build.0 = Debug|Any CPU
		{C1711215-EF6E-47AE-8182-EE6FBF744976}.Release|Any CPU.ActiveCfg = Release|Any CPU
		{C1711215-EF6E-47AE-8182-EE6FBF744976}.Release|Any CPU.Build.0 = Release|Any CPU
		{152560FE-E0D7-4AA2-9BC6-53397AEDCE65}.Debug|Any CPU.ActiveCfg = Debug|Any CPU
		{152560FE-E0D7-4AA2-9BC6-53397AEDCE65}.Debug|Any CPU.Build.0 = Debug|Any CPU
		{152560FE-E0D7-4AA2-9BC6-53397AEDCE65}.Release|Any CPU.ActiveCfg = Release|Any CPU
		{152560FE-E0D7-4AA2-9BC6-53397AEDCE65}.Release|Any CPU.Build.0 = Release|Any CPU
	EndGlobalSection
	GlobalSection(SolutionProperties) = preSolution
		HideSolutionNode = FALSE
	EndGlobalSection
	GlobalSection(ExtensibilityGlobals) = postSolution
		SolutionGuid = {1448D01A-7AF5-49B4-A53A-0F20F7400E93}
	EndGlobalSection
EndGlobal
