
Microsoft Visual Studio Solution File, Format Version 12.00
# Visual Studio Version 16
VisualStudioVersion = 16.0.32602.291
MinimumVisualStudioVersion = 10.0.40219.1
Project("{FAE04EC0-301F-11D3-BF4B-00C04F79EFBC}") = "UI", "UI\UI.csproj", "{D472D20D-11F9-426C-AF8E-D12D41D16266}"
EndProject
Project("{FAE04EC0-301F-11D3-BF4B-00C04F79EFBC}") = "BE", "BE\BE.csproj", "{A3C42872-7105-4700-B803-D9A04D83B949}"
EndProject
Project("{FAE04EC0-301F-11D3-BF4B-00C04F79EFBC}") = "BLL", "BLL\BLL.csproj", "{446949A7-1046-451E-86EC-9AD00CBA3337}"
EndProject
Project("{FAE04EC0-301F-11D3-BF4B-00C04F79EFBC}") = "MPP", "MPP\MPP.csproj", "{6C83FFFD-4184-4A79-B058-8C38DA3DBCB6}"
EndProject
Project("{FAE04EC0-301F-11D3-BF4B-00C04F79EFBC}") = "ABSTRACTA", "ABSTRACTA\ABSTRACTA.csproj", "{A0D4BC37-CC09-4B3D-8034-3196F89C4AF5}"
EndProject
Global
	GlobalSection(SolutionConfigurationPlatforms) = preSolution
		Debug|Any CPU = Debug|Any CPU
		Release|Any CPU = Release|Any CPU
	EndGlobalSection
	GlobalSection(ProjectConfigurationPlatforms) = postSolution
		{D472D20D-11F9-426C-AF8E-D12D41D16266}.Debug|Any CPU.ActiveCfg = Debug|Any CPU
		{D472D20D-11F9-426C-AF8E-D12D41D16266}.Debug|Any CPU.Build.0 = Debug|Any CPU
		{D472D20D-11F9-426C-AF8E-D12D41D16266}.Release|Any CPU.ActiveCfg = Release|Any CPU
		{D472D20D-11F9-426C-AF8E-D12D41D16266}.Release|Any CPU.Build.0 = Release|Any CPU
		{A3C42872-7105-4700-B803-D9A04D83B949}.Debug|Any CPU.ActiveCfg = Debug|Any CPU
		{A3C42872-7105-4700-B803-D9A04D83B949}.Debug|Any CPU.Build.0 = Debug|Any CPU
		{A3C42872-7105-4700-B803-D9A04D83B949}.Release|Any CPU.ActiveCfg = Release|Any CPU
		{A3C42872-7105-4700-B803-D9A04D83B949}.Release|Any CPU.Build.0 = Release|Any CPU
		{446949A7-1046-451E-86EC-9AD00CBA3337}.Debug|Any CPU.ActiveCfg = Debug|Any CPU
		{446949A7-1046-451E-86EC-9AD00CBA3337}.Debug|Any CPU.Build.0 = Debug|Any CPU
		{446949A7-1046-451E-86EC-9AD00CBA3337}.Release|Any CPU.ActiveCfg = Release|Any CPU
		{446949A7-1046-451E-86EC-9AD00CBA3337}.Release|Any CPU.Build.0 = Release|Any CPU
		{6C83FFFD-4184-4A79-B058-8C38DA3DBCB6}.Debug|Any CPU.ActiveCfg = Debug|Any CPU
		{6C83FFFD-4184-4A79-B058-8C38DA3DBCB6}.Debug|Any CPU.Build.0 = Debug|Any CPU
		{6C83FFFD-4184-4A79-B058-8C38DA3DBCB6}.Release|Any CPU.ActiveCfg = Release|Any CPU
		{6C83FFFD-4184-4A79-B058-8C38DA3DBCB6}.Release|Any CPU.Build.0 = Release|Any CPU
		{A0D4BC37-CC09-4B3D-8034-3196F89C4AF5}.Debug|Any CPU.ActiveCfg = Debug|Any CPU
		{A0D4BC37-CC09-4B3D-8034-3196F89C4AF5}.Debug|Any CPU.Build.0 = Debug|Any CPU
		{A0D4BC37-CC09-4B3D-8034-3196F89C4AF5}.Release|Any CPU.ActiveCfg = Release|Any CPU
		{A0D4BC37-CC09-4B3D-8034-3196F89C4AF5}.Release|Any CPU.Build.0 = Release|Any CPU
	EndGlobalSection
	GlobalSection(SolutionProperties) = preSolution
		HideSolutionNode = FALSE
	EndGlobalSection
	GlobalSection(ExtensibilityGlobals) = postSolution
		SolutionGuid = {B243A1D3-E992-4CC1-963C-06E451539FB5}
	EndGlobalSection
EndGlobal
