
Microsoft Visual Studio Solution File, Format Version 12.00
# Visual Studio Version 16
VisualStudioVersion = 16.0.31624.102
MinimumVisualStudioVersion = 10.0.40219.1
Project("{FAE04EC0-301F-11D3-BF4B-00C04F79EFBC}") = "UI", "Parcial1\UI.csproj", "{720CBA05-1BF2-4B6D-BDE6-1CF3055432F9}"
EndProject
Project("{FAE04EC0-301F-11D3-BF4B-00C04F79EFBC}") = "BE", "BE\BE.csproj", "{62A6F771-3EFF-4C83-850C-5F3A5F2A5720}"
EndProject
Project("{FAE04EC0-301F-11D3-BF4B-00C04F79EFBC}") = "BLL", "BLL\BLL.csproj", "{828EB87D-EC13-4F66-9FEB-28B61222DA19}"
EndProject
Project("{FAE04EC0-301F-11D3-BF4B-00C04F79EFBC}") = "DAL", "DAO\DAL.csproj", "{311646BE-A21A-4D1A-8377-21DAD7A5EA7D}"
EndProject
Project("{FAE04EC0-301F-11D3-BF4B-00C04F79EFBC}") = "Abstraccion", "Abstraccion\Abstraccion.csproj", "{E75814C0-50D3-4252-AFE0-B4AA726B059A}"
EndProject
Project("{FAE04EC0-301F-11D3-BF4B-00C04F79EFBC}") = "MPP", "MPP\MPP.csproj", "{444C0DA5-2008-4E19-BD05-C79F8C12200C}"
EndProject
Global
	GlobalSection(SolutionConfigurationPlatforms) = preSolution
		Debug|Any CPU = Debug|Any CPU
		Release|Any CPU = Release|Any CPU
	EndGlobalSection
	GlobalSection(ProjectConfigurationPlatforms) = postSolution
		{720CBA05-1BF2-4B6D-BDE6-1CF3055432F9}.Debug|Any CPU.ActiveCfg = Debug|Any CPU
		{720CBA05-1BF2-4B6D-BDE6-1CF3055432F9}.Debug|Any CPU.Build.0 = Debug|Any CPU
		{720CBA05-1BF2-4B6D-BDE6-1CF3055432F9}.Release|Any CPU.ActiveCfg = Release|Any CPU
		{720CBA05-1BF2-4B6D-BDE6-1CF3055432F9}.Release|Any CPU.Build.0 = Release|Any CPU
		{62A6F771-3EFF-4C83-850C-5F3A5F2A5720}.Debug|Any CPU.ActiveCfg = Debug|Any CPU
		{62A6F771-3EFF-4C83-850C-5F3A5F2A5720}.Debug|Any CPU.Build.0 = Debug|Any CPU
		{62A6F771-3EFF-4C83-850C-5F3A5F2A5720}.Release|Any CPU.ActiveCfg = Release|Any CPU
		{62A6F771-3EFF-4C83-850C-5F3A5F2A5720}.Release|Any CPU.Build.0 = Release|Any CPU
		{828EB87D-EC13-4F66-9FEB-28B61222DA19}.Debug|Any CPU.ActiveCfg = Debug|Any CPU
		{828EB87D-EC13-4F66-9FEB-28B61222DA19}.Debug|Any CPU.Build.0 = Debug|Any CPU
		{828EB87D-EC13-4F66-9FEB-28B61222DA19}.Release|Any CPU.ActiveCfg = Release|Any CPU
		{828EB87D-EC13-4F66-9FEB-28B61222DA19}.Release|Any CPU.Build.0 = Release|Any CPU
		{311646BE-A21A-4D1A-8377-21DAD7A5EA7D}.Debug|Any CPU.ActiveCfg = Debug|Any CPU
		{311646BE-A21A-4D1A-8377-21DAD7A5EA7D}.Debug|Any CPU.Build.0 = Debug|Any CPU
		{311646BE-A21A-4D1A-8377-21DAD7A5EA7D}.Release|Any CPU.ActiveCfg = Release|Any CPU
		{311646BE-A21A-4D1A-8377-21DAD7A5EA7D}.Release|Any CPU.Build.0 = Release|Any CPU
		{E75814C0-50D3-4252-AFE0-B4AA726B059A}.Debug|Any CPU.ActiveCfg = Debug|Any CPU
		{E75814C0-50D3-4252-AFE0-B4AA726B059A}.Debug|Any CPU.Build.0 = Debug|Any CPU
		{E75814C0-50D3-4252-AFE0-B4AA726B059A}.Release|Any CPU.ActiveCfg = Release|Any CPU
		{E75814C0-50D3-4252-AFE0-B4AA726B059A}.Release|Any CPU.Build.0 = Release|Any CPU
		{444C0DA5-2008-4E19-BD05-C79F8C12200C}.Debug|Any CPU.ActiveCfg = Debug|Any CPU
		{444C0DA5-2008-4E19-BD05-C79F8C12200C}.Debug|Any CPU.Build.0 = Debug|Any CPU
		{444C0DA5-2008-4E19-BD05-C79F8C12200C}.Release|Any CPU.ActiveCfg = Release|Any CPU
		{444C0DA5-2008-4E19-BD05-C79F8C12200C}.Release|Any CPU.Build.0 = Release|Any CPU
	EndGlobalSection
	GlobalSection(SolutionProperties) = preSolution
		HideSolutionNode = FALSE
	EndGlobalSection
	GlobalSection(ExtensibilityGlobals) = postSolution
		SolutionGuid = {BA99C33F-1CAD-44A5-9F66-3D64F34C74B2}
	EndGlobalSection
EndGlobal
