
Microsoft Visual Studio Solution File, Format Version 12.00
# Visual Studio Version 16
VisualStudioVersion = 16.0.31112.23
MinimumVisualStudioVersion = 10.0.40219.1
Project("{FAE04EC0-301F-11D3-BF4B-00C04F79EFBC}") = "Abstraccion", "Abstraccion\Abstraccion.csproj", "{681C9A20-FD35-4017-8609-677D6675B15C}"
EndProject
Project("{FAE04EC0-301F-11D3-BF4B-00C04F79EFBC}") = "BusinessLogic", "BussinesLogic\BusinessLogic.csproj", "{61C8AF54-2D92-4F60-8E6A-86DD402D951E}"
EndProject
Project("{FAE04EC0-301F-11D3-BF4B-00C04F79EFBC}") = "BusinessEntity", "BusinessEntity\BusinessEntity.csproj", "{0949108A-8C06-4AB5-92D2-C6C03B6B80B2}"
EndProject
Project("{FAE04EC0-301F-11D3-BF4B-00C04F79EFBC}") = "DataAccess", "DataAccess\DataAccess.csproj", "{46A3D364-DED9-43FB-8D47-E6A961468C71}"
EndProject
Project("{FAE04EC0-301F-11D3-BF4B-00C04F79EFBC}") = "Mapper", "Mapper\Mapper.csproj", "{98B4782C-74F6-4DF4-9E7E-FA016A7876E7}"
EndProject
Project("{FAE04EC0-301F-11D3-BF4B-00C04F79EFBC}") = "GUI", "GUI\GUI.csproj", "{F7660AB0-2324-474F-9E94-98CEE2D63501}"
EndProject
Global
	GlobalSection(SolutionConfigurationPlatforms) = preSolution
		Debug|Any CPU = Debug|Any CPU
		Release|Any CPU = Release|Any CPU
	EndGlobalSection
	GlobalSection(ProjectConfigurationPlatforms) = postSolution
		{681C9A20-FD35-4017-8609-677D6675B15C}.Debug|Any CPU.ActiveCfg = Debug|Any CPU
		{681C9A20-FD35-4017-8609-677D6675B15C}.Debug|Any CPU.Build.0 = Debug|Any CPU
		{681C9A20-FD35-4017-8609-677D6675B15C}.Release|Any CPU.ActiveCfg = Release|Any CPU
		{681C9A20-FD35-4017-8609-677D6675B15C}.Release|Any CPU.Build.0 = Release|Any CPU
		{61C8AF54-2D92-4F60-8E6A-86DD402D951E}.Debug|Any CPU.ActiveCfg = Debug|Any CPU
		{61C8AF54-2D92-4F60-8E6A-86DD402D951E}.Debug|Any CPU.Build.0 = Debug|Any CPU
		{61C8AF54-2D92-4F60-8E6A-86DD402D951E}.Release|Any CPU.ActiveCfg = Release|Any CPU
		{61C8AF54-2D92-4F60-8E6A-86DD402D951E}.Release|Any CPU.Build.0 = Release|Any CPU
		{0949108A-8C06-4AB5-92D2-C6C03B6B80B2}.Debug|Any CPU.ActiveCfg = Debug|Any CPU
		{0949108A-8C06-4AB5-92D2-C6C03B6B80B2}.Debug|Any CPU.Build.0 = Debug|Any CPU
		{0949108A-8C06-4AB5-92D2-C6C03B6B80B2}.Release|Any CPU.ActiveCfg = Release|Any CPU
		{0949108A-8C06-4AB5-92D2-C6C03B6B80B2}.Release|Any CPU.Build.0 = Release|Any CPU
		{46A3D364-DED9-43FB-8D47-E6A961468C71}.Debug|Any CPU.ActiveCfg = Debug|Any CPU
		{46A3D364-DED9-43FB-8D47-E6A961468C71}.Debug|Any CPU.Build.0 = Debug|Any CPU
		{46A3D364-DED9-43FB-8D47-E6A961468C71}.Release|Any CPU.ActiveCfg = Release|Any CPU
		{46A3D364-DED9-43FB-8D47-E6A961468C71}.Release|Any CPU.Build.0 = Release|Any CPU
		{98B4782C-74F6-4DF4-9E7E-FA016A7876E7}.Debug|Any CPU.ActiveCfg = Debug|Any CPU
		{98B4782C-74F6-4DF4-9E7E-FA016A7876E7}.Debug|Any CPU.Build.0 = Debug|Any CPU
		{98B4782C-74F6-4DF4-9E7E-FA016A7876E7}.Release|Any CPU.ActiveCfg = Release|Any CPU
		{98B4782C-74F6-4DF4-9E7E-FA016A7876E7}.Release|Any CPU.Build.0 = Release|Any CPU
		{F7660AB0-2324-474F-9E94-98CEE2D63501}.Debug|Any CPU.ActiveCfg = Debug|Any CPU
		{F7660AB0-2324-474F-9E94-98CEE2D63501}.Debug|Any CPU.Build.0 = Debug|Any CPU
		{F7660AB0-2324-474F-9E94-98CEE2D63501}.Release|Any CPU.ActiveCfg = Release|Any CPU
		{F7660AB0-2324-474F-9E94-98CEE2D63501}.Release|Any CPU.Build.0 = Release|Any CPU
	EndGlobalSection
	GlobalSection(SolutionProperties) = preSolution
		HideSolutionNode = FALSE
	EndGlobalSection
	GlobalSection(ExtensibilityGlobals) = postSolution
		SolutionGuid = {9ACFCFA1-F8A8-49D5-8EFD-5A2EE150D498}
	EndGlobalSection
EndGlobal
