
Microsoft Visual Studio Solution File, Format Version 12.00
# Visual Studio 14
VisualStudioVersion = 14.0.25420.1
MinimumVisualStudioVersion = 10.0.40219.1
Project("{FAE04EC0-301F-11D3-BF4B-00C04F79EFBC}") = "UI_C", "UI_C\UI_C.csproj", "{DD8235CA-4639-4561-92A7-FC337F346618}"
EndProject
Project("{F184B08F-C81C-45F6-A57F-5ABD9991F28F}") = "UI_VB", "UI_VB\UI_VB.vbproj", "{3055BE9F-9846-4643-91D3-A2E1218F7F24}"
EndProject
Project("{FAE04EC0-301F-11D3-BF4B-00C04F79EFBC}") = "UI_WEB", "UI_WEB\UI_WEB.csproj", "{D2145002-4D75-44CA-AA06-F490A11E1B5A}"
EndProject
Global
	GlobalSection(SolutionConfigurationPlatforms) = preSolution
		Debug|Any CPU = Debug|Any CPU
		Release|Any CPU = Release|Any CPU
	EndGlobalSection
	GlobalSection(ProjectConfigurationPlatforms) = postSolution
		{DD8235CA-4639-4561-92A7-FC337F346618}.Debug|Any CPU.ActiveCfg = Debug|Any CPU
		{DD8235CA-4639-4561-92A7-FC337F346618}.Debug|Any CPU.Build.0 = Debug|Any CPU
		{DD8235CA-4639-4561-92A7-FC337F346618}.Release|Any CPU.ActiveCfg = Release|Any CPU
		{DD8235CA-4639-4561-92A7-FC337F346618}.Release|Any CPU.Build.0 = Release|Any CPU
		{3055BE9F-9846-4643-91D3-A2E1218F7F24}.Debug|Any CPU.ActiveCfg = Debug|Any CPU
		{3055BE9F-9846-4643-91D3-A2E1218F7F24}.Debug|Any CPU.Build.0 = Debug|Any CPU
		{3055BE9F-9846-4643-91D3-A2E1218F7F24}.Release|Any CPU.ActiveCfg = Release|Any CPU
		{3055BE9F-9846-4643-91D3-A2E1218F7F24}.Release|Any CPU.Build.0 = Release|Any CPU
		{D2145002-4D75-44CA-AA06-F490A11E1B5A}.Debug|Any CPU.ActiveCfg = Debug|Any CPU
		{D2145002-4D75-44CA-AA06-F490A11E1B5A}.Debug|Any CPU.Build.0 = Debug|Any CPU
		{D2145002-4D75-44CA-AA06-F490A11E1B5A}.Release|Any CPU.ActiveCfg = Release|Any CPU
		{D2145002-4D75-44CA-AA06-F490A11E1B5A}.Release|Any CPU.Build.0 = Release|Any CPU
	EndGlobalSection
	GlobalSection(SolutionProperties) = preSolution
		HideSolutionNode = FALSE
	EndGlobalSection
EndGlobal
