
Microsoft Visual Studio Solution File, Format Version 12.00
# Visual Studio Version 16
VisualStudioVersion = 16.0.32602.291
MinimumVisualStudioVersion = 10.0.40219.1
Project("{FAE04EC0-301F-11D3-BF4B-00C04F79EFBC}") = "Piedra-Papel-Tijera", "Piedra-Papel-Tijera.csproj", "{28979DEE-3258-4C42-87B8-EE71D2C83974}"
EndProject
Global
	GlobalSection(SolutionConfigurationPlatforms) = preSolution
		Debug|Any CPU = Debug|Any CPU
		Release|Any CPU = Release|Any CPU
	EndGlobalSection
	GlobalSection(ProjectConfigurationPlatforms) = postSolution
		{28979DEE-3258-4C42-87B8-EE71D2C83974}.Debug|Any CPU.ActiveCfg = Debug|Any CPU
		{28979DEE-3258-4C42-87B8-EE71D2C83974}.Debug|Any CPU.Build.0 = Debug|Any CPU
		{28979DEE-3258-4C42-87B8-EE71D2C83974}.Release|Any CPU.ActiveCfg = Release|Any CPU
		{28979DEE-3258-4C42-87B8-EE71D2C83974}.Release|Any CPU.Build.0 = Release|Any CPU
	EndGlobalSection
	GlobalSection(SolutionProperties) = preSolution
		HideSolutionNode = FALSE
	EndGlobalSection
	GlobalSection(ExtensibilityGlobals) = postSolution
		SolutionGuid = {76192E60-6845-4BF6-808E-FE9F37733F6D}
	EndGlobalSection
EndGlobal
