
Microsoft Visual Studio Solution File, Format Version 12.00
# Visual Studio Version 16
VisualStudioVersion = 16.0.31205.134
MinimumVisualStudioVersion = 10.0.40219.1
Project("{FAE04EC0-301F-11D3-BF4B-00C04F79EFBC}") = "UI", "UI\UI.csproj", "{194CD232-3560-4868-80D6-C82239F8EE85}"
EndProject
Project("{FAE04EC0-301F-11D3-BF4B-00C04F79EFBC}") = "BE", "EE\BE.csproj", "{EEF85591-CCDD-48D7-A6FA-3DB63FE7BC99}"
EndProject
Project("{FAE04EC0-301F-11D3-BF4B-00C04F79EFBC}") = "BLL", "BLL\BLL.csproj", "{2217E463-A00D-40CD-86FB-895FD09BC07C}"
EndProject
Project("{FAE04EC0-301F-11D3-BF4B-00C04F79EFBC}") = "DAL", "DAL\DAL.csproj", "{77B34338-C033-46B3-9FF3-313B770823B0}"
EndProject
Project("{FAE04EC0-301F-11D3-BF4B-00C04F79EFBC}") = "MPP", "MPP\MPP.csproj", "{AEFA6ED2-D103-4E65-8BC0-9DB727D4D179}"
EndProject
Project("{FAE04EC0-301F-11D3-BF4B-00C04F79EFBC}") = "Abstraccion", "Abstraccion\Abstraccion.csproj", "{7E415CC5-B80F-421F-85FE-AE128B36B022}"
EndProject
Global
	GlobalSection(SolutionConfigurationPlatforms) = preSolution
		Debug|Any CPU = Debug|Any CPU
		Release|Any CPU = Release|Any CPU
	EndGlobalSection
	GlobalSection(ProjectConfigurationPlatforms) = postSolution
		{194CD232-3560-4868-80D6-C82239F8EE85}.Debug|Any CPU.ActiveCfg = Debug|Any CPU
		{194CD232-3560-4868-80D6-C82239F8EE85}.Debug|Any CPU.Build.0 = Debug|Any CPU
		{194CD232-3560-4868-80D6-C82239F8EE85}.Release|Any CPU.ActiveCfg = Release|Any CPU
		{194CD232-3560-4868-80D6-C82239F8EE85}.Release|Any CPU.Build.0 = Release|Any CPU
		{EEF85591-CCDD-48D7-A6FA-3DB63FE7BC99}.Debug|Any CPU.ActiveCfg = Debug|Any CPU
		{EEF85591-CCDD-48D7-A6FA-3DB63FE7BC99}.Debug|Any CPU.Build.0 = Debug|Any CPU
		{EEF85591-CCDD-48D7-A6FA-3DB63FE7BC99}.Release|Any CPU.ActiveCfg = Release|Any CPU
		{EEF85591-CCDD-48D7-A6FA-3DB63FE7BC99}.Release|Any CPU.Build.0 = Release|Any CPU
		{2217E463-A00D-40CD-86FB-895FD09BC07C}.Debug|Any CPU.ActiveCfg = Debug|Any CPU
		{2217E463-A00D-40CD-86FB-895FD09BC07C}.Debug|Any CPU.Build.0 = Debug|Any CPU
		{2217E463-A00D-40CD-86FB-895FD09BC07C}.Release|Any CPU.ActiveCfg = Release|Any CPU
		{2217E463-A00D-40CD-86FB-895FD09BC07C}.Release|Any CPU.Build.0 = Release|Any CPU
		{77B34338-C033-46B3-9FF3-313B770823B0}.Debug|Any CPU.ActiveCfg = Debug|Any CPU
		{77B34338-C033-46B3-9FF3-313B770823B0}.Debug|Any CPU.Build.0 = Debug|Any CPU
		{77B34338-C033-46B3-9FF3-313B770823B0}.Release|Any CPU.ActiveCfg = Release|Any CPU
		{77B34338-C033-46B3-9FF3-313B770823B0}.Release|Any CPU.Build.0 = Release|Any CPU
		{AEFA6ED2-D103-4E65-8BC0-9DB727D4D179}.Debug|Any CPU.ActiveCfg = Debug|Any CPU
		{AEFA6ED2-D103-4E65-8BC0-9DB727D4D179}.Debug|Any CPU.Build.0 = Debug|Any CPU
		{AEFA6ED2-D103-4E65-8BC0-9DB727D4D179}.Release|Any CPU.ActiveCfg = Release|Any CPU
		{AEFA6ED2-D103-4E65-8BC0-9DB727D4D179}.Release|Any CPU.Build.0 = Release|Any CPU
		{7E415CC5-B80F-421F-85FE-AE128B36B022}.Debug|Any CPU.ActiveCfg = Debug|Any CPU
		{7E415CC5-B80F-421F-85FE-AE128B36B022}.Debug|Any CPU.Build.0 = Debug|Any CPU
		{7E415CC5-B80F-421F-85FE-AE128B36B022}.Release|Any CPU.ActiveCfg = Release|Any CPU
		{7E415CC5-B80F-421F-85FE-AE128B36B022}.Release|Any CPU.Build.0 = Release|Any CPU
	EndGlobalSection
	GlobalSection(SolutionProperties) = preSolution
		HideSolutionNode = FALSE
	EndGlobalSection
	GlobalSection(ExtensibilityGlobals) = postSolution
		SolutionGuid = {A9B8E751-2761-4578-A41D-4BFDAB2A1E19}
	EndGlobalSection
EndGlobal
