
Microsoft Visual Studio Solution File, Format Version 12.00
# Visual Studio Version 16
VisualStudioVersion = 16.0.30011.22
MinimumVisualStudioVersion = 10.0.40219.1
Project("{FAE04EC0-301F-11D3-BF4B-00C04F79EFBC}") = "Presentacion_UI", "Presentacion_UI\Presentacion_UI.csproj", "{CB4B2BB2-FC2F-42BF-AC7E-3BC4C7FB99E9}"
EndProject
Project("{FAE04EC0-301F-11D3-BF4B-00C04F79EFBC}") = "Negocio", "Negocio\Negocio.csproj", "{660FEC12-1DE2-4907-9827-3FA98C7AAC27}"
EndProject
Project("{FAE04EC0-301F-11D3-BF4B-00C04F79EFBC}") = "DAL", "DAL\DAL.csproj", "{9EB44367-6948-4E1C-A3AA-6383FAC3B51B}"
EndProject
Project("{FAE04EC0-301F-11D3-BF4B-00C04F79EFBC}") = "BE", "BE\BE.csproj", "{23A62DBA-291E-448B-B6C6-A000D1A1C966}"
EndProject
Global
	GlobalSection(SolutionConfigurationPlatforms) = preSolution
		Debug|Any CPU = Debug|Any CPU
		Release|Any CPU = Release|Any CPU
	EndGlobalSection
	GlobalSection(ProjectConfigurationPlatforms) = postSolution
		{CB4B2BB2-FC2F-42BF-AC7E-3BC4C7FB99E9}.Debug|Any CPU.ActiveCfg = Debug|Any CPU
		{CB4B2BB2-FC2F-42BF-AC7E-3BC4C7FB99E9}.Debug|Any CPU.Build.0 = Debug|Any CPU
		{CB4B2BB2-FC2F-42BF-AC7E-3BC4C7FB99E9}.Release|Any CPU.ActiveCfg = Release|Any CPU
		{CB4B2BB2-FC2F-42BF-AC7E-3BC4C7FB99E9}.Release|Any CPU.Build.0 = Release|Any CPU
		{660FEC12-1DE2-4907-9827-3FA98C7AAC27}.Debug|Any CPU.ActiveCfg = Debug|Any CPU
		{660FEC12-1DE2-4907-9827-3FA98C7AAC27}.Debug|Any CPU.Build.0 = Debug|Any CPU
		{660FEC12-1DE2-4907-9827-3FA98C7AAC27}.Release|Any CPU.ActiveCfg = Release|Any CPU
		{660FEC12-1DE2-4907-9827-3FA98C7AAC27}.Release|Any CPU.Build.0 = Release|Any CPU
		{9EB44367-6948-4E1C-A3AA-6383FAC3B51B}.Debug|Any CPU.ActiveCfg = Debug|Any CPU
		{9EB44367-6948-4E1C-A3AA-6383FAC3B51B}.Debug|Any CPU.Build.0 = Debug|Any CPU
		{9EB44367-6948-4E1C-A3AA-6383FAC3B51B}.Release|Any CPU.ActiveCfg = Release|Any CPU
		{9EB44367-6948-4E1C-A3AA-6383FAC3B51B}.Release|Any CPU.Build.0 = Release|Any CPU
		{23A62DBA-291E-448B-B6C6-A000D1A1C966}.Debug|Any CPU.ActiveCfg = Debug|Any CPU
		{23A62DBA-291E-448B-B6C6-A000D1A1C966}.Debug|Any CPU.Build.0 = Debug|Any CPU
		{23A62DBA-291E-448B-B6C6-A000D1A1C966}.Release|Any CPU.ActiveCfg = Release|Any CPU
		{23A62DBA-291E-448B-B6C6-A000D1A1C966}.Release|Any CPU.Build.0 = Release|Any CPU
	EndGlobalSection
	GlobalSection(SolutionProperties) = preSolution
		HideSolutionNode = FALSE
	EndGlobalSection
	GlobalSection(ExtensibilityGlobals) = postSolution
		SolutionGuid = {0E2BAF06-4C2D-4B09-99CF-0694F7D3FDC1}
	EndGlobalSection
EndGlobal
