
Microsoft Visual Studio Solution File, Format Version 12.00
# Visual Studio Version 16
VisualStudioVersion = 16.0.33529.622
MinimumVisualStudioVersion = 10.0.40219.1
Project("{FAE04EC0-301F-11D3-BF4B-00C04F79EFBC}") = "GUI", "GUI\GUI.csproj", "{86AE1516-3C7F-411C-8AB3-D79D56410A7D}"
EndProject
Project("{FAE04EC0-301F-11D3-BF4B-00C04F79EFBC}") = "BLL", "BLL\BLL.csproj", "{3FAE395D-122A-4CCC-9A8A-7D66A1BD6D31}"
EndProject
Project("{FAE04EC0-301F-11D3-BF4B-00C04F79EFBC}") = "MAP", "MAP\MAP.csproj", "{665AEAD5-7C21-4C9B-A2D0-3473AB37071E}"
EndProject
Project("{FAE04EC0-301F-11D3-BF4B-00C04F79EFBC}") = "DAL", "DAL\DAL.csproj", "{50873B0F-3003-4800-84E0-02091F5BDAF3}"
EndProject
Project("{FAE04EC0-301F-11D3-BF4B-00C04F79EFBC}") = "BEL", "BEL\BEL.csproj", "{6BE322E7-469A-4B4C-8CD4-D2CF04C026A5}"
EndProject
Project("{FAE04EC0-301F-11D3-BF4B-00C04F79EFBC}") = "ABS", "ABS\ABS.csproj", "{027728CF-DCAC-4026-AFC4-DD9B88305F7E}"
EndProject
Global
	GlobalSection(SolutionConfigurationPlatforms) = preSolution
		Debug|Any CPU = Debug|Any CPU
		Release|Any CPU = Release|Any CPU
	EndGlobalSection
	GlobalSection(ProjectConfigurationPlatforms) = postSolution
		{86AE1516-3C7F-411C-8AB3-D79D56410A7D}.Debug|Any CPU.ActiveCfg = Debug|Any CPU
		{86AE1516-3C7F-411C-8AB3-D79D56410A7D}.Debug|Any CPU.Build.0 = Debug|Any CPU
		{86AE1516-3C7F-411C-8AB3-D79D56410A7D}.Release|Any CPU.ActiveCfg = Release|Any CPU
		{86AE1516-3C7F-411C-8AB3-D79D56410A7D}.Release|Any CPU.Build.0 = Release|Any CPU
		{3FAE395D-122A-4CCC-9A8A-7D66A1BD6D31}.Debug|Any CPU.ActiveCfg = Debug|Any CPU
		{3FAE395D-122A-4CCC-9A8A-7D66A1BD6D31}.Debug|Any CPU.Build.0 = Debug|Any CPU
		{3FAE395D-122A-4CCC-9A8A-7D66A1BD6D31}.Release|Any CPU.ActiveCfg = Release|Any CPU
		{3FAE395D-122A-4CCC-9A8A-7D66A1BD6D31}.Release|Any CPU.Build.0 = Release|Any CPU
		{665AEAD5-7C21-4C9B-A2D0-3473AB37071E}.Debug|Any CPU.ActiveCfg = Debug|Any CPU
		{665AEAD5-7C21-4C9B-A2D0-3473AB37071E}.Debug|Any CPU.Build.0 = Debug|Any CPU
		{665AEAD5-7C21-4C9B-A2D0-3473AB37071E}.Release|Any CPU.ActiveCfg = Release|Any CPU
		{665AEAD5-7C21-4C9B-A2D0-3473AB37071E}.Release|Any CPU.Build.0 = Release|Any CPU
		{50873B0F-3003-4800-84E0-02091F5BDAF3}.Debug|Any CPU.ActiveCfg = Debug|Any CPU
		{50873B0F-3003-4800-84E0-02091F5BDAF3}.Debug|Any CPU.Build.0 = Debug|Any CPU
		{50873B0F-3003-4800-84E0-02091F5BDAF3}.Release|Any CPU.ActiveCfg = Release|Any CPU
		{50873B0F-3003-4800-84E0-02091F5BDAF3}.Release|Any CPU.Build.0 = Release|Any CPU
		{6BE322E7-469A-4B4C-8CD4-D2CF04C026A5}.Debug|Any CPU.ActiveCfg = Debug|Any CPU
		{6BE322E7-469A-4B4C-8CD4-D2CF04C026A5}.Debug|Any CPU.Build.0 = Debug|Any CPU
		{6BE322E7-469A-4B4C-8CD4-D2CF04C026A5}.Release|Any CPU.ActiveCfg = Release|Any CPU
		{6BE322E7-469A-4B4C-8CD4-D2CF04C026A5}.Release|Any CPU.Build.0 = Release|Any CPU
		{027728CF-DCAC-4026-AFC4-DD9B88305F7E}.Debug|Any CPU.ActiveCfg = Debug|Any CPU
		{027728CF-DCAC-4026-AFC4-DD9B88305F7E}.Debug|Any CPU.Build.0 = Debug|Any CPU
		{027728CF-DCAC-4026-AFC4-DD9B88305F7E}.Release|Any CPU.ActiveCfg = Release|Any CPU
		{027728CF-DCAC-4026-AFC4-DD9B88305F7E}.Release|Any CPU.Build.0 = Release|Any CPU
	EndGlobalSection
	GlobalSection(SolutionProperties) = preSolution
		HideSolutionNode = FALSE
	EndGlobalSection
	GlobalSection(ExtensibilityGlobals) = postSolution
		SolutionGuid = {7DA35E01-C970-4ED0-A3DA-F855C171A3FE}
	EndGlobalSection
EndGlobal
