
Microsoft Visual Studio Solution File, Format Version 12.00
# Visual Studio 2012
Project("{FAE04EC0-301F-11D3-BF4B-00C04F79EFBC}") = "UI_Transacciones", "UI_Transacciones\UI_Transacciones.csproj", "{F408A622-6490-4500-BB08-8C31577F8B12}"
EndProject
Global
	GlobalSection(SolutionConfigurationPlatforms) = preSolution
		Debug|Any CPU = Debug|Any CPU
		Release|Any CPU = Release|Any CPU
	EndGlobalSection
	GlobalSection(ProjectConfigurationPlatforms) = postSolution
		{F408A622-6490-4500-BB08-8C31577F8B12}.Debug|Any CPU.ActiveCfg = Debug|Any CPU
		{F408A622-6490-4500-BB08-8C31577F8B12}.Debug|Any CPU.Build.0 = Debug|Any CPU
		{F408A622-6490-4500-BB08-8C31577F8B12}.Release|Any CPU.ActiveCfg = Release|Any CPU
		{F408A622-6490-4500-BB08-8C31577F8B12}.Release|Any CPU.Build.0 = Release|Any CPU
	EndGlobalSection
	GlobalSection(SolutionProperties) = preSolution
		HideSolutionNode = FALSE
	EndGlobalSection
EndGlobal
