
Microsoft Visual Studio Solution File, Format Version 12.00
# Visual Studio Version 16
VisualStudioVersion = 16.0.31205.134
MinimumVisualStudioVersion = 10.0.40219.1
Project("{FAE04EC0-301F-11D3-BF4B-00C04F79EFBC}") = "Presentacion_IU", "Presentacion_IU\Presentacion_IU.csproj", "{1CB7CE9D-D093-497C-B31A-CE653549D473}"
EndProject
Global
	GlobalSection(SolutionConfigurationPlatforms) = preSolution
		Debug|Any CPU = Debug|Any CPU
		Release|Any CPU = Release|Any CPU
	EndGlobalSection
	GlobalSection(ProjectConfigurationPlatforms) = postSolution
		{1CB7CE9D-D093-497C-B31A-CE653549D473}.Debug|Any CPU.ActiveCfg = Debug|Any CPU
		{1CB7CE9D-D093-497C-B31A-CE653549D473}.Debug|Any CPU.Build.0 = Debug|Any CPU
		{1CB7CE9D-D093-497C-B31A-CE653549D473}.Release|Any CPU.ActiveCfg = Release|Any CPU
		{1CB7CE9D-D093-497C-B31A-CE653549D473}.Release|Any CPU.Build.0 = Release|Any CPU
	EndGlobalSection
	GlobalSection(SolutionProperties) = preSolution
		HideSolutionNode = FALSE
	EndGlobalSection
	GlobalSection(ExtensibilityGlobals) = postSolution
		SolutionGuid = {236E2A03-E945-4D52-B1D4-1389483FC04F}
	EndGlobalSection
EndGlobal
